
Microsoft Visual Studio Solution File, Format Version 12.00
# Visual Studio Version 17
VisualStudioVersion = 17.1.32210.238
MinimumVisualStudioVersion = 10.0.40219.1
Project("{FAE04EC0-301F-11D3-BF4B-00C04F79EFBC}") = "StudyBlockChain", "StudyBlockChain\StudyBlockChain.csproj", "{251AFF9F-EC1E-467B-A14D-734389B0EB23}"
EndProject
Project("{FAE04EC0-301F-11D3-BF4B-00C04F79EFBC}") = "StudyBlockChainForm", "StudyBlockChainForm\StudyBlockChainForm.csproj", "{438C49E9-98F4-4143-8CE2-6AF97F3D6AF8}"
EndProject
Global
	GlobalSection(SolutionConfigurationPlatforms) = preSolution
		Debug|Any CPU = Debug|Any CPU
		Release|Any CPU = Release|Any CPU
	EndGlobalSection
	GlobalSection(ProjectConfigurationPlatforms) = postSolution
		{251AFF9F-EC1E-467B-A14D-734389B0EB23}.Debug|Any CPU.ActiveCfg = Debug|Any CPU
		{251AFF9F-EC1E-467B-A14D-734389B0EB23}.Debug|Any CPU.Build.0 = Debug|Any CPU
		{251AFF9F-EC1E-467B-A14D-734389B0EB23}.Release|Any CPU.ActiveCfg = Release|Any CPU
		{251AFF9F-EC1E-467B-A14D-734389B0EB23}.Release|Any CPU.Build.0 = Release|Any CPU
		{438C49E9-98F4-4143-8CE2-6AF97F3D6AF8}.Debug|Any CPU.ActiveCfg = Debug|Any CPU
		{438C49E9-98F4-4143-8CE2-6AF97F3D6AF8}.Debug|Any CPU.Build.0 = Debug|Any CPU
		{438C49E9-98F4-4143-8CE2-6AF97F3D6AF8}.Release|Any CPU.ActiveCfg = Release|Any CPU
		{438C49E9-98F4-4143-8CE2-6AF97F3D6AF8}.Release|Any CPU.Build.0 = Release|Any CPU
	EndGlobalSection
	GlobalSection(SolutionProperties) = preSolution
		HideSolutionNode = FALSE
	EndGlobalSection
	GlobalSection(ExtensibilityGlobals) = postSolution
		SolutionGuid = {D8F3A5AF-A7F5-41AF-BF77-D530002529D9}
	EndGlobalSection
EndGlobal
